// !$*UTF8*$!
{
	archiveVersion = 1;
	classes = {
	};
	objectVersion = 50;
	objects = {

/* Begin PBXBuildFile section */
		C22176622747B4EA00CD0D29 /* UserScript.swift in Sources */ = {isa = PBXBuildFile; fileRef = C22176612747B4EA00CD0D29 /* UserScript.swift */; };
		C22176642747B84900CD0D29 /* ExampleScripts.swift in Sources */ = {isa = PBXBuildFile; fileRef = C22176632747B84900CD0D29 /* ExampleScripts.swift */; };
		C2747CAB273E6D170047E743 /* AppDelegate.swift in Sources */ = {isa = PBXBuildFile; fileRef = C2747CAA273E6D170047E743 /* AppDelegate.swift */; };
		C2747CAD273E6D170047E743 /* SceneDelegate.swift in Sources */ = {isa = PBXBuildFile; fileRef = C2747CAC273E6D170047E743 /* SceneDelegate.swift */; };
		C2747CAF273E6D170047E743 /* ViewController.swift in Sources */ = {isa = PBXBuildFile; fileRef = C2747CAE273E6D170047E743 /* ViewController.swift */; };
		C2747CB2273E6D170047E743 /* Main.storyboard in Resources */ = {isa = PBXBuildFile; fileRef = C2747CB0273E6D170047E743 /* Main.storyboard */; };
		C2747CB4273E6D190047E743 /* Assets.xcassets in Resources */ = {isa = PBXBuildFile; fileRef = C2747CB3273E6D190047E743 /* Assets.xcassets */; };
		C2747CB7273E6D190047E743 /* LaunchScreen.storyboard in Resources */ = {isa = PBXBuildFile; fileRef = C2747CB5273E6D190047E743 /* LaunchScreen.storyboard */; };
		C2747CC5273E6F320047E743 /* Media.xcassets in Resources */ = {isa = PBXBuildFile; fileRef = C2747CC4273E6F320047E743 /* Media.xcassets */; };
		C2747CC7273E6F320047E743 /* ActionViewController.swift in Sources */ = {isa = PBXBuildFile; fileRef = C2747CC6273E6F320047E743 /* ActionViewController.swift */; };
		C2747CCA273E6F320047E743 /* MainInterface.storyboard in Resources */ = {isa = PBXBuildFile; fileRef = C2747CC8273E6F320047E743 /* MainInterface.storyboard */; };
		C2747CCE273E6F320047E743 /* Extension.appex in Embed App Extensions */ = {isa = PBXBuildFile; fileRef = C2747CC2273E6F320047E743 /* Extension.appex */; settings = {ATTRIBUTES = (RemoveHeadersOnCopy, ); }; };
		C2747CD4273E733F0047E743 /* Action.js in Resources */ = {isa = PBXBuildFile; fileRef = C2747CD3273E733F0047E743 /* Action.js */; };
/* End PBXBuildFile section */

/* Begin PBXContainerItemProxy section */
		C2747CCC273E6F320047E743 /* PBXContainerItemProxy */ = {
			isa = PBXContainerItemProxy;
			containerPortal = C2747C9F273E6D170047E743 /* Project object */;
			proxyType = 1;
			remoteGlobalIDString = C2747CC1273E6F320047E743;
			remoteInfo = Extension;
		};
/* End PBXContainerItemProxy section */

/* Begin PBXCopyFilesBuildPhase section */
		C2747CD2273E6F320047E743 /* Embed App Extensions */ = {
			isa = PBXCopyFilesBuildPhase;
			buildActionMask = 2147483647;
			dstPath = "";
			dstSubfolderSpec = 13;
			files = (
				C2747CCE273E6F320047E743 /* Extension.appex in Embed App Extensions */,
			);
			name = "Embed App Extensions";
			runOnlyForDeploymentPostprocessing = 0;
		};
/* End PBXCopyFilesBuildPhase section */

/* Begin PBXFileReference section */
		C22176612747B4EA00CD0D29 /* UserScript.swift */ = {isa = PBXFileReference; lastKnownFileType = sourcecode.swift; path = UserScript.swift; sourceTree = "<group>"; };
		C22176632747B84900CD0D29 /* ExampleScripts.swift */ = {isa = PBXFileReference; lastKnownFileType = sourcecode.swift; path = ExampleScripts.swift; sourceTree = "<group>"; };
		C2747CA7273E6D170047E743 /* Project19.app */ = {isa = PBXFileReference; explicitFileType = wrapper.application; includeInIndex = 0; path = Project19.app; sourceTree = BUILT_PRODUCTS_DIR; };
		C2747CAA273E6D170047E743 /* AppDelegate.swift */ = {isa = PBXFileReference; lastKnownFileType = sourcecode.swift; path = AppDelegate.swift; sourceTree = "<group>"; };
		C2747CAC273E6D170047E743 /* SceneDelegate.swift */ = {isa = PBXFileReference; lastKnownFileType = sourcecode.swift; path = SceneDelegate.swift; sourceTree = "<group>"; };
		C2747CAE273E6D170047E743 /* ViewController.swift */ = {isa = PBXFileReference; lastKnownFileType = sourcecode.swift; path = ViewController.swift; sourceTree = "<group>"; };
		C2747CB1273E6D170047E743 /* Base */ = {isa = PBXFileReference; lastKnownFileType = file.storyboard; name = Base; path = Base.lproj/Main.storyboard; sourceTree = "<group>"; };
		C2747CB3273E6D190047E743 /* Assets.xcassets */ = {isa = PBXFileReference; lastKnownFileType = folder.assetcatalog; path = Assets.xcassets; sourceTree = "<group>"; };
		C2747CB6273E6D190047E743 /* Base */ = {isa = PBXFileReference; lastKnownFileType = file.storyboard; name = Base; path = Base.lproj/LaunchScreen.storyboard; sourceTree = "<group>"; };
		C2747CB8273E6D190047E743 /* Info.plist */ = {isa = PBXFileReference; lastKnownFileType = text.plist.xml; path = Info.plist; sourceTree = "<group>"; };
		C2747CC2273E6F320047E743 /* Extension.appex */ = {isa = PBXFileReference; explicitFileType = "wrapper.app-extension"; includeInIndex = 0; path = Extension.appex; sourceTree = BUILT_PRODUCTS_DIR; };
		C2747CC4273E6F320047E743 /* Media.xcassets */ = {isa = PBXFileReference; lastKnownFileType = folder.assetcatalog; path = Media.xcassets; sourceTree = "<group>"; };
		C2747CC6273E6F320047E743 /* ActionViewController.swift */ = {isa = PBXFileReference; lastKnownFileType = sourcecode.swift; path = ActionViewController.swift; sourceTree = "<group>"; };
		C2747CC9273E6F320047E743 /* Base */ = {isa = PBXFileReference; lastKnownFileType = file.storyboard; name = Base; path = Base.lproj/MainInterface.storyboard; sourceTree = "<group>"; };
		C2747CCB273E6F320047E743 /* Info.plist */ = {isa = PBXFileReference; lastKnownFileType = text.plist.xml; path = Info.plist; sourceTree = "<group>"; };
		C2747CD3273E733F0047E743 /* Action.js */ = {isa = PBXFileReference; lastKnownFileType = sourcecode.javascript; path = Action.js; sourceTree = "<group>"; };
/* End PBXFileReference section */

/* Begin PBXFrameworksBuildPhase section */
		C2747CA4273E6D170047E743 /* Frameworks */ = {
			isa = PBXFrameworksBuildPhase;
			buildActionMask = 2147483647;
			files = (
			);
			runOnlyForDeploymentPostprocessing = 0;
		};
		C2747CBF273E6F320047E743 /* Frameworks */ = {
			isa = PBXFrameworksBuildPhase;
			buildActionMask = 2147483647;
			files = (
			);
			runOnlyForDeploymentPostprocessing = 0;
		};
/* End PBXFrameworksBuildPhase section */

/* Begin PBXGroup section */
		C2747C9E273E6D170047E743 = {
			isa = PBXGroup;
			children = (
				C2747CA9273E6D170047E743 /* Project19 */,
				C2747CC3273E6F320047E743 /* Extension */,
				C2747CA8273E6D170047E743 /* Products */,
			);
			sourceTree = "<group>";
		};
		C2747CA8273E6D170047E743 /* Products */ = {
			isa = PBXGroup;
			children = (
				C2747CA7273E6D170047E743 /* Project19.app */,
				C2747CC2273E6F320047E743 /* Extension.appex */,
			);
			name = Products;
			sourceTree = "<group>";
		};
		C2747CA9273E6D170047E743 /* Project19 */ = {
			isa = PBXGroup;
			children = (
				C2747CAA273E6D170047E743 /* AppDelegate.swift */,
				C2747CAC273E6D170047E743 /* SceneDelegate.swift */,
				C2747CAE273E6D170047E743 /* ViewController.swift */,
				C2747CB0273E6D170047E743 /* Main.storyboard */,
				C2747CB3273E6D190047E743 /* Assets.xcassets */,
				C2747CB5273E6D190047E743 /* LaunchScreen.storyboard */,
				C2747CB8273E6D190047E743 /* Info.plist */,
			);
			path = Project19;
			sourceTree = "<group>";
		};
		C2747CC3273E6F320047E743 /* Extension */ = {
			isa = PBXGroup;
			children = (
				C2747CC4273E6F320047E743 /* Media.xcassets */,
				C2747CC6273E6F320047E743 /* ActionViewController.swift */,
				C22176612747B4EA00CD0D29 /* UserScript.swift */,
				C22176632747B84900CD0D29 /* ExampleScripts.swift */,
				C2747CC8273E6F320047E743 /* MainInterface.storyboard */,
				C2747CCB273E6F320047E743 /* Info.plist */,
				C2747CD3273E733F0047E743 /* Action.js */,
			);
			path = Extension;
			sourceTree = "<group>";
		};
/* End PBXGroup section */

/* Begin PBXNativeTarget section */
		C2747CA6273E6D170047E743 /* Project19 */ = {
			isa = PBXNativeTarget;
			buildConfigurationList = C2747CBB273E6D190047E743 /* Build configuration list for PBXNativeTarget "Project19" */;
			buildPhases = (
				C2747CA3273E6D170047E743 /* Sources */,
				C2747CA4273E6D170047E743 /* Frameworks */,
				C2747CA5273E6D170047E743 /* Resources */,
				C2747CD2273E6F320047E743 /* Embed App Extensions */,
			);
			buildRules = (
			);
			dependencies = (
				C2747CCD273E6F320047E743 /* PBXTargetDependency */,
			);
			name = Project19;
			productName = Project19;
			productReference = C2747CA7273E6D170047E743 /* Project19.app */;
			productType = "com.apple.product-type.application";
		};
		C2747CC1273E6F320047E743 /* Extension */ = {
			isa = PBXNativeTarget;
			buildConfigurationList = C2747CCF273E6F320047E743 /* Build configuration list for PBXNativeTarget "Extension" */;
			buildPhases = (
				C2747CBE273E6F320047E743 /* Sources */,
				C2747CBF273E6F320047E743 /* Frameworks */,
				C2747CC0273E6F320047E743 /* Resources */,
			);
			buildRules = (
			);
			dependencies = (
			);
			name = Extension;
			productName = Extension;
			productReference = C2747CC2273E6F320047E743 /* Extension.appex */;
			productType = "com.apple.product-type.app-extension";
		};
/* End PBXNativeTarget section */

/* Begin PBXProject section */
		C2747C9F273E6D170047E743 /* Project object */ = {
			isa = PBXProject;
			attributes = {
				LastSwiftUpdateCheck = 1250;
				LastUpgradeCheck = 1250;
				TargetAttributes = {
					C2747CA6273E6D170047E743 = {
						CreatedOnToolsVersion = 12.5;
					};
					C2747CC1273E6F320047E743 = {
						CreatedOnToolsVersion = 12.5;
					};
				};
			};
			buildConfigurationList = C2747CA2273E6D170047E743 /* Build configuration list for PBXProject "Project19" */;
			compatibilityVersion = "Xcode 9.3";
			developmentRegion = en;
			hasScannedForEncodings = 0;
			knownRegions = (
				en,
				Base,
			);
			mainGroup = C2747C9E273E6D170047E743;
			productRefGroup = C2747CA8273E6D170047E743 /* Products */;
			projectDirPath = "";
			projectRoot = "";
			targets = (
				C2747CA6273E6D170047E743 /* Project19 */,
				C2747CC1273E6F320047E743 /* Extension */,
			);
		};
/* End PBXProject section */

/* Begin PBXResourcesBuildPhase section */
		C2747CA5273E6D170047E743 /* Resources */ = {
			isa = PBXResourcesBuildPhase;
			buildActionMask = 2147483647;
			files = (
				C2747CB7273E6D190047E743 /* LaunchScreen.storyboard in Resources */,
				C2747CB4273E6D190047E743 /* Assets.xcassets in Resources */,
				C2747CB2273E6D170047E743 /* Main.storyboard in Resources */,
			);
			runOnlyForDeploymentPostprocessing = 0;
		};
		C2747CC0273E6F320047E743 /* Resources */ = {
			isa = PBXResourcesBuildPhase;
			buildActionMask = 2147483647;
			files = (
				C2747CD4273E733F0047E743 /* Action.js in Resources */,
				C2747CC5273E6F320047E743 /* Media.xcassets in Resources */,
				C2747CCA273E6F320047E743 /* MainInterface.storyboard in Resources */,
			);
			runOnlyForDeploymentPostprocessing = 0;
		};
/* End PBXResourcesBuildPhase section */

/* Begin PBXSourcesBuildPhase section */
		C2747CA3273E6D170047E743 /* Sources */ = {
			isa = PBXSourcesBuildPhase;
			buildActionMask = 2147483647;
			files = (
				C2747CAF273E6D170047E743 /* ViewController.swift in Sources */,
				C2747CAB273E6D170047E743 /* AppDelegate.swift in Sources */,
				C2747CAD273E6D170047E743 /* SceneDelegate.swift in Sources */,
			);
			runOnlyForDeploymentPostprocessing = 0;
		};
		C2747CBE273E6F320047E743 /* Sources */ = {
			isa = PBXSourcesBuildPhase;
			buildActionMask = 2147483647;
			files = (
				C2747CC7273E6F320047E743 /* ActionViewController.swift in Sources */,
				C22176642747B84900CD0D29 /* ExampleScripts.swift in Sources */,
				C22176622747B4EA00CD0D29 /* UserScript.swift in Sources */,
			);
			runOnlyForDeploymentPostprocessing = 0;
		};
/* End PBXSourcesBuildPhase section */

/* Begin PBXTargetDependency section */
		C2747CCD273E6F320047E743 /* PBXTargetDependency */ = {
			isa = PBXTargetDependency;
			target = C2747CC1273E6F320047E743 /* Extension */;
			targetProxy = C2747CCC273E6F320047E743 /* PBXContainerItemProxy */;
		};
/* End PBXTargetDependency section */

/* Begin PBXVariantGroup section */
		C2747CB0273E6D170047E743 /* Main.storyboard */ = {
			isa = PBXVariantGroup;
			children = (
				C2747CB1273E6D170047E743 /* Base */,
			);
			name = Main.storyboard;
			sourceTree = "<group>";
		};
		C2747CB5273E6D190047E743 /* LaunchScreen.storyboard */ = {
			isa = PBXVariantGroup;
			children = (
				C2747CB6273E6D190047E743 /* Base */,
			);
			name = LaunchScreen.storyboard;
			sourceTree = "<group>";
		};
		C2747CC8273E6F320047E743 /* MainInterface.storyboard */ = {
			isa = PBXVariantGroup;
			children = (
				C2747CC9273E6F320047E743 /* Base */,
			);
			name = MainInterface.storyboard;
			sourceTree = "<group>";
		};
/* End PBXVariantGroup section */

/* Begin XCBuildConfiguration section */
		C2747CB9273E6D190047E743 /* Debug */ = {
			isa = XCBuildConfiguration;
			buildSettings = {
				ALWAYS_SEARCH_USER_PATHS = NO;
				CLANG_ANALYZER_NONNULL = YES;
				CLANG_ANALYZER_NUMBER_OBJECT_CONVERSION = YES_AGGRESSIVE;
				CLANG_CXX_LANGUAGE_STANDARD = "gnu++14";
				CLANG_CXX_LIBRARY = "libc++";
				CLANG_ENABLE_MODULES = YES;
				CLANG_ENABLE_OBJC_ARC = YES;
				CLANG_ENABLE_OBJC_WEAK = YES;
				CLANG_WARN_BLOCK_CAPTURE_AUTORELEASING = YES;
				CLANG_WARN_BOOL_CONVERSION = YES;
				CLANG_WARN_COMMA = YES;
				CLANG_WARN_CONSTANT_CONVERSION = YES;
				CLANG_WARN_DEPRECATED_OBJC_IMPLEMENTATIONS = YES;
				CLANG_WARN_DIRECT_OBJC_ISA_USAGE = YES_ERROR;
				CLANG_WARN_DOCUMENTATION_COMMENTS = YES;
				CLANG_WARN_EMPTY_BODY = YES;
				CLANG_WARN_ENUM_CONVERSION = YES;
				CLANG_WARN_INFINITE_RECURSION = YES;
				CLANG_WARN_INT_CONVERSION = YES;
				CLANG_WARN_NON_LITERAL_NULL_CONVERSION = YES;
				CLANG_WARN_OBJC_IMPLICIT_RETAIN_SELF = YES;
				CLANG_WARN_OBJC_LITERAL_CONVERSION = YES;
				CLANG_WARN_OBJC_ROOT_CLASS = YES_ERROR;
				CLANG_WARN_QUOTED_INCLUDE_IN_FRAMEWORK_HEADER = YES;
				CLANG_WARN_RANGE_LOOP_ANALYSIS = YES;
				CLANG_WARN_STRICT_PROTOTYPES = YES;
				CLANG_WARN_SUSPICIOUS_MOVE = YES;
				CLANG_WARN_UNGUARDED_AVAILABILITY = YES_AGGRESSIVE;
				CLANG_WARN_UNREACHABLE_CODE = YES;
				CLANG_WARN__DUPLICATE_METHOD_MATCH = YES;
				COPY_PHASE_STRIP = NO;
				DEBUG_INFORMATION_FORMAT = dwarf;
				ENABLE_STRICT_OBJC_MSGSEND = YES;
				ENABLE_TESTABILITY = YES;
				GCC_C_LANGUAGE_STANDARD = gnu11;
				GCC_DYNAMIC_NO_PIC = NO;
				GCC_NO_COMMON_BLOCKS = YES;
				GCC_OPTIMIZATION_LEVEL = 0;
				GCC_PREPROCESSOR_DEFINITIONS = (
					"DEBUG=1",
					"$(inherited)",
				);
				GCC_WARN_64_TO_32_BIT_CONVERSION = YES;
				GCC_WARN_ABOUT_RETURN_TYPE = YES_ERROR;
				GCC_WARN_UNDECLARED_SELECTOR = YES;
				GCC_WARN_UNINITIALIZED_AUTOS = YES_AGGRESSIVE;
				GCC_WARN_UNUSED_FUNCTION = YES;
				GCC_WARN_UNUSED_VARIABLE = YES;
				IPHONEOS_DEPLOYMENT_TARGET = 14.5;
				MTL_ENABLE_DEBUG_INFO = INCLUDE_SOURCE;
				MTL_FAST_MATH = YES;
				ONLY_ACTIVE_ARCH = YES;
				SDKROOT = iphoneos;
				SWIFT_ACTIVE_COMPILATION_CONDITIONS = DEBUG;
				SWIFT_OPTIMIZATION_LEVEL = "-Onone";
			};
			name = Debug;
		};
		C2747CBA273E6D190047E743 /* Release */ = {
			isa = XCBuildConfiguration;
			buildSettings = {
				ALWAYS_SEARCH_USER_PATHS = NO;
				CLANG_ANALYZER_NONNULL = YES;
				CLANG_ANALYZER_NUMBER_OBJECT_CONVERSION = YES_AGGRESSIVE;
				CLANG_CXX_LANGUAGE_STANDARD = "gnu++14";
				CLANG_CXX_LIBRARY = "libc++";
				CLANG_ENABLE_MODULES = YES;
				CLANG_ENABLE_OBJC_ARC = YES;
				CLANG_ENABLE_OBJC_WEAK = YES;
				CLANG_WARN_BLOCK_CAPTURE_AUTORELEASING = YES;
				CLANG_WARN_BOOL_CONVERSION = YES;
				CLANG_WARN_COMMA = YES;
				CLANG_WARN_CONSTANT_CONVERSION = YES;
				CLANG_WARN_DEPRECATED_OBJC_IMPLEMENTATIONS = YES;
				CLANG_WARN_DIRECT_OBJC_ISA_USAGE = YES_ERROR;
				CLANG_WARN_DOCUMENTATION_COMMENTS = YES;
				CLANG_WARN_EMPTY_BODY = YES;
				CLANG_WARN_ENUM_CONVERSION = YES;
				CLANG_WARN_INFINITE_RECURSION = YES;
				CLANG_WARN_INT_CONVERSION = YES;
				CLANG_WARN_NON_LITERAL_NULL_CONVERSION = YES;
				CLANG_WARN_OBJC_IMPLICIT_RETAIN_SELF = YES;
				CLANG_WARN_OBJC_LITERAL_CONVERSION = YES;
				CLANG_WARN_OBJC_ROOT_CLASS = YES_ERROR;
				CLANG_WARN_QUOTED_INCLUDE_IN_FRAMEWORK_HEADER = YES;
				CLANG_WARN_RANGE_LOOP_ANALYSIS = YES;
				CLANG_WARN_STRICT_PROTOTYPES = YES;
				CLANG_WARN_SUSPICIOUS_MOVE = YES;
				CLANG_WARN_UNGUARDED_AVAILABILITY = YES_AGGRESSIVE;
				CLANG_WARN_UNREACHABLE_CODE = YES;
				CLANG_WARN__DUPLICATE_METHOD_MATCH = YES;
				COPY_PHASE_STRIP = NO;
				DEBUG_INFORMATION_FORMAT = "dwarf-with-dsym";
				ENABLE_NS_ASSERTIONS = NO;
				ENABLE_STRICT_OBJC_MSGSEND = YES;
				GCC_C_LANGUAGE_STANDARD = gnu11;
				GCC_NO_COMMON_BLOCKS = YES;
				GCC_WARN_64_TO_32_BIT_CONVERSION = YES;
				GCC_WARN_ABOUT_RETURN_TYPE = YES_ERROR;
				GCC_WARN_UNDECLARED_SELECTOR = YES;
				GCC_WARN_UNINITIALIZED_AUTOS = YES_AGGRESSIVE;
				GCC_WARN_UNUSED_FUNCTION = YES;
				GCC_WARN_UNUSED_VARIABLE = YES;
				IPHONEOS_DEPLOYMENT_TARGET = 14.5;
				MTL_ENABLE_DEBUG_INFO = NO;
				MTL_FAST_MATH = YES;
				SDKROOT = iphoneos;
				SWIFT_COMPILATION_MODE = wholemodule;
				SWIFT_OPTIMIZATION_LEVEL = "-O";
				VALIDATE_PRODUCT = YES;
			};
			name = Release;
		};
		C2747CBC273E6D190047E743 /* Debug */ = {
			isa = XCBuildConfiguration;
			buildSettings = {
				ALWAYS_EMBED_SWIFT_STANDARD_LIBRARIES = YES;
				ASSETCATALOG_COMPILER_APPICON_NAME = AppIcon;
				ASSETCATALOG_COMPILER_GLOBAL_ACCENT_COLOR_NAME = AccentColor;
				CODE_SIGN_STYLE = Automatic;
				DEVELOPMENT_TEAM = C3M56A453W;
				INFOPLIST_FILE = Project19/Info.plist;
				LD_RUNPATH_SEARCH_PATHS = (
					"$(inherited)",
					"@executable_path/Frameworks",
				);
				PRODUCT_BUNDLE_IDENTIFIER = online.swampios.Project19;
				PRODUCT_NAME = "$(TARGET_NAME)";
				SWIFT_VERSION = 5.0;
				TARGETED_DEVICE_FAMILY = "1,2";
			};
			name = Debug;
		};
		C2747CBD273E6D190047E743 /* Release */ = {
			isa = XCBuildConfiguration;
			buildSettings = {
				ALWAYS_EMBED_SWIFT_STANDARD_LIBRARIES = YES;
				ASSETCATALOG_COMPILER_APPICON_NAME = AppIcon;
				ASSETCATALOG_COMPILER_GLOBAL_ACCENT_COLOR_NAME = AccentColor;
				CODE_SIGN_STYLE = Automatic;
				DEVELOPMENT_TEAM = C3M56A453W;
				INFOPLIST_FILE = Project19/Info.plist;
				LD_RUNPATH_SEARCH_PATHS = (
					"$(inherited)",
					"@executable_path/Frameworks",
				);
				PRODUCT_BUNDLE_IDENTIFIER = online.swampios.Project19;
				PRODUCT_NAME = "$(TARGET_NAME)";
				SWIFT_VERSION = 5.0;
				TARGETED_DEVICE_FAMILY = "1,2";
			};
			name = Release;
		};
		C2747CD0273E6F320047E743 /* Debug */ = {
			isa = XCBuildConfiguration;
			buildSettings = {
				CODE_SIGN_STYLE = Automatic;
				DEVELOPMENT_TEAM = C3M56A453W;
				INFOPLIST_FILE = Extension/Info.plist;
				LD_RUNPATH_SEARCH_PATHS = (
					"$(inherited)",
					"@executable_path/Frameworks",
					"@executable_path/../../Frameworks",
				);
				PRODUCT_BUNDLE_IDENTIFIER = online.swampios.Project19.Extension;
				PRODUCT_NAME = "$(TARGET_NAME)";
				SKIP_INSTALL = YES;
				SWIFT_VERSION = 5.0;
				TARGETED_DEVICE_FAMILY = "1,2";
			};
			name = Debug;
		};
		C2747CD1273E6F320047E743 /* Release */ = {
			isa = XCBuildConfiguration;
			buildSettings = {
				CODE_SIGN_STYLE = Automatic;
				DEVELOPMENT_TEAM = C3M56A453W;
				INFOPLIST_FILE = Extension/Info.plist;
				LD_RUNPATH_SEARCH_PATHS = (
					"$(inherited)",
					"@executable_path/Frameworks",
					"@executable_path/../../Frameworks",
				);
				PRODUCT_BUNDLE_IDENTIFIER = online.swampios.Project19.Extension;
				PRODUCT_NAME = "$(TARGET_NAME)";
				SKIP_INSTALL = YES;
				SWIFT_VERSION = 5.0;
				TARGETED_DEVICE_FAMILY = "1,2";
			};
			name = Release;
		};
/* End XCBuildConfiguration section */

/* Begin XCConfigurationList section */
		C2747CA2273E6D170047E743 /* Build configuration list for PBXProject "Project19" */ = {
			isa = XCConfigurationList;
			buildConfigurations = (
				C2747CB9273E6D190047E743 /* Debug */,
				C2747CBA273E6D190047E743 /* Release */,
			);
			defaultConfigurationIsVisible = 0;
			defaultConfigurationName = Release;
		};
		C2747CBB273E6D190047E743 /* Build configuration list for PBXNativeTarget "Project19" */ = {
			isa = XCConfigurationList;
			buildConfigurations = (
				C2747CBC273E6D190047E743 /* Debug */,
				C2747CBD273E6D190047E743 /* Release */,
			);
			defaultConfigurationIsVisible = 0;
			defaultConfigurationName = Release;
		};
		C2747CCF273E6F320047E743 /* Build configuration list for PBXNativeTarget "Extension" */ = {
			isa = XCConfigurationList;
			buildConfigurations = (
				C2747CD0273E6F320047E743 /* Debug */,
				C2747CD1273E6F320047E743 /* Release */,
			);
			defaultConfigurationIsVisible = 0;
			defaultConfigurationName = Release;
		};
/* End XCConfigurationList section */
	};
	rootObject = C2747C9F273E6D170047E743 /* Project object */;
}
